
Microsoft Visual Studio Solution File, Format Version 12.00
# Visual Studio Version 16
VisualStudioVersion = 16.0.31911.196
MinimumVisualStudioVersion = 10.0.40219.1
Project("{FAE04EC0-301F-11D3-BF4B-00C04F79EFBC}") = "MatchFullName", "MatchFullName\MatchFullName.csproj", "{DF8FEB0A-8BCC-447D-95C8-8BC7B6A13494}"
EndProject
Project("{FAE04EC0-301F-11D3-BF4B-00C04F79EFBC}") = "MatchPhoneNumber", "MatchPhoneNumber\MatchPhoneNumber.csproj", "{32E05AFE-DD8F-45C4-9FF9-D4BEB0BD177C}"
EndProject
Project("{FAE04EC0-301F-11D3-BF4B-00C04F79EFBC}") = "MatchDates", "MatchDates\MatchDates.csproj", "{29CC96E2-9C1E-4D1E-8CC6-24D05DB34D60}"
EndProject
Global
	GlobalSection(SolutionConfigurationPlatforms) = preSolution
		Debug|Any CPU = Debug|Any CPU
		Release|Any CPU = Release|Any CPU
	EndGlobalSection
	GlobalSection(ProjectConfigurationPlatforms) = postSolution
		{DF8FEB0A-8BCC-447D-95C8-8BC7B6A13494}.Debug|Any CPU.ActiveCfg = Debug|Any CPU
		{DF8FEB0A-8BCC-447D-95C8-8BC7B6A13494}.Debug|Any CPU.Build.0 = Debug|Any CPU
		{DF8FEB0A-8BCC-447D-95C8-8BC7B6A13494}.Release|Any CPU.ActiveCfg = Release|Any CPU
		{DF8FEB0A-8BCC-447D-95C8-8BC7B6A13494}.Release|Any CPU.Build.0 = Release|Any CPU
		{32E05AFE-DD8F-45C4-9FF9-D4BEB0BD177C}.Debug|Any CPU.ActiveCfg = Debug|Any CPU
		{32E05AFE-DD8F-45C4-9FF9-D4BEB0BD177C}.Debug|Any CPU.Build.0 = Debug|Any CPU
		{32E05AFE-DD8F-45C4-9FF9-D4BEB0BD177C}.Release|Any CPU.ActiveCfg = Release|Any CPU
		{32E05AFE-DD8F-45C4-9FF9-D4BEB0BD177C}.Release|Any CPU.Build.0 = Release|Any CPU
		{29CC96E2-9C1E-4D1E-8CC6-24D05DB34D60}.Debug|Any CPU.ActiveCfg = Debug|Any CPU
		{29CC96E2-9C1E-4D1E-8CC6-24D05DB34D60}.Debug|Any CPU.Build.0 = Debug|Any CPU
		{29CC96E2-9C1E-4D1E-8CC6-24D05DB34D60}.Release|Any CPU.ActiveCfg = Release|Any CPU
		{29CC96E2-9C1E-4D1E-8CC6-24D05DB34D60}.Release|Any CPU.Build.0 = Release|Any CPU
	EndGlobalSection
	GlobalSection(SolutionProperties) = preSolution
		HideSolutionNode = FALSE
	EndGlobalSection
	GlobalSection(ExtensibilityGlobals) = postSolution
		SolutionGuid = {60C12913-A6EE-4F6D-A621-2E617C499F91}
	EndGlobalSection
EndGlobal
