
Microsoft Visual Studio Solution File, Format Version 12.00
# Visual Studio Version 16
VisualStudioVersion = 16.0.31321.278
MinimumVisualStudioVersion = 10.0.40219.1
Project("{9A19103F-16F7-4668-BE54-9A1E7A4F7556}") = "ChangeList", "ChangeList\ChangeList.csproj", "{20CCDA21-EB0E-44D4-B3A4-D562D7BAE8EC}"
EndProject
Project("{9A19103F-16F7-4668-BE54-9A1E7A4F7556}") = "HouseParty", "HouseParty\HouseParty.csproj", "{91D9051A-B8C4-4EA0-8D03-17474E9659F4}"
EndProject
Project("{9A19103F-16F7-4668-BE54-9A1E7A4F7556}") = "ListOfOperations", "ListOfOperations\ListOfOperations.csproj", "{AE6AEDE3-447F-4C82-93BB-15EB0ADA4C8F}"
EndProject
Project("{9A19103F-16F7-4668-BE54-9A1E7A4F7556}") = "BombNumbers", "BombNumbers\BombNumbers.csproj", "{7389028A-78C8-4F75-8888-E18261000872}"
EndProject
Project("{9A19103F-16F7-4668-BE54-9A1E7A4F7556}") = "CardsGame", "CardsGame\CardsGame.csproj", "{82013AD8-6EB4-420C-94CC-84769FA84704}"
EndProject
Project("{9A19103F-16F7-4668-BE54-9A1E7A4F7556}") = "AnonymousThreat", "AnonymousThreat\AnonymousThreat.csproj", "{D32C7164-CC5A-44D0-972E-D108A615A60D}"
EndProject
Project("{9A19103F-16F7-4668-BE54-9A1E7A4F7556}") = "AppendArrays", "AppendArrays\AppendArrays.csproj", "{6DE57E32-A060-4476-8B88-530EB4606AA6}"
EndProject
Project("{FAE04EC0-301F-11D3-BF4B-00C04F79EFBC}") = "PokemonDontGO", "PokemonDontGO\PokemonDontGO.csproj", "{4521B989-8E4C-44A7-8FFB-FB655825957D}"
EndProject
Project("{FAE04EC0-301F-11D3-BF4B-00C04F79EFBC}") = "SoftUniCoursePlanning", "SoftUniCoursePlanning\SoftUniCoursePlanning.csproj", "{15254E87-75E1-4361-B04E-2337DF21ED54}"
EndProject
Project("{FAE04EC0-301F-11D3-BF4B-00C04F79EFBC}") = "Train", "Train\Train.csproj", "{159FD14C-A350-491A-95B7-5E11D97660AF}"
EndProject
Global
	GlobalSection(SolutionConfigurationPlatforms) = preSolution
		Debug|Any CPU = Debug|Any CPU
		Release|Any CPU = Release|Any CPU
	EndGlobalSection
	GlobalSection(ProjectConfigurationPlatforms) = postSolution
		{20CCDA21-EB0E-44D4-B3A4-D562D7BAE8EC}.Debug|Any CPU.ActiveCfg = Debug|Any CPU
		{20CCDA21-EB0E-44D4-B3A4-D562D7BAE8EC}.Debug|Any CPU.Build.0 = Debug|Any CPU
		{20CCDA21-EB0E-44D4-B3A4-D562D7BAE8EC}.Release|Any CPU.ActiveCfg = Release|Any CPU
		{20CCDA21-EB0E-44D4-B3A4-D562D7BAE8EC}.Release|Any CPU.Build.0 = Release|Any CPU
		{91D9051A-B8C4-4EA0-8D03-17474E9659F4}.Debug|Any CPU.ActiveCfg = Debug|Any CPU
		{91D9051A-B8C4-4EA0-8D03-17474E9659F4}.Debug|Any CPU.Build.0 = Debug|Any CPU
		{91D9051A-B8C4-4EA0-8D03-17474E9659F4}.Release|Any CPU.ActiveCfg = Release|Any CPU
		{91D9051A-B8C4-4EA0-8D03-17474E9659F4}.Release|Any CPU.Build.0 = Release|Any CPU
		{AE6AEDE3-447F-4C82-93BB-15EB0ADA4C8F}.Debug|Any CPU.ActiveCfg = Debug|Any CPU
		{AE6AEDE3-447F-4C82-93BB-15EB0ADA4C8F}.Debug|Any CPU.Build.0 = Debug|Any CPU
		{AE6AEDE3-447F-4C82-93BB-15EB0ADA4C8F}.Release|Any CPU.ActiveCfg = Release|Any CPU
		{AE6AEDE3-447F-4C82-93BB-15EB0ADA4C8F}.Release|Any CPU.Build.0 = Release|Any CPU
		{7389028A-78C8-4F75-8888-E18261000872}.Debug|Any CPU.ActiveCfg = Debug|Any CPU
		{7389028A-78C8-4F75-8888-E18261000872}.Debug|Any CPU.Build.0 = Debug|Any CPU
		{7389028A-78C8-4F75-8888-E18261000872}.Release|Any CPU.ActiveCfg = Release|Any CPU
		{7389028A-78C8-4F75-8888-E18261000872}.Release|Any CPU.Build.0 = Release|Any CPU
		{82013AD8-6EB4-420C-94CC-84769FA84704}.Debug|Any CPU.ActiveCfg = Debug|Any CPU
		{82013AD8-6EB4-420C-94CC-84769FA84704}.Debug|Any CPU.Build.0 = Debug|Any CPU
		{82013AD8-6EB4-420C-94CC-84769FA84704}.Release|Any CPU.ActiveCfg = Release|Any CPU
		{82013AD8-6EB4-420C-94CC-84769FA84704}.Release|Any CPU.Build.0 = Release|Any CPU
		{D32C7164-CC5A-44D0-972E-D108A615A60D}.Debug|Any CPU.ActiveCfg = Debug|Any CPU
		{D32C7164-CC5A-44D0-972E-D108A615A60D}.Debug|Any CPU.Build.0 = Debug|Any CPU
		{D32C7164-CC5A-44D0-972E-D108A615A60D}.Release|Any CPU.ActiveCfg = Release|Any CPU
		{D32C7164-CC5A-44D0-972E-D108A615A60D}.Release|Any CPU.Build.0 = Release|Any CPU
		{6DE57E32-A060-4476-8B88-530EB4606AA6}.Debug|Any CPU.ActiveCfg = Debug|Any CPU
		{6DE57E32-A060-4476-8B88-530EB4606AA6}.Debug|Any CPU.Build.0 = Debug|Any CPU
		{6DE57E32-A060-4476-8B88-530EB4606AA6}.Release|Any CPU.ActiveCfg = Release|Any CPU
		{6DE57E32-A060-4476-8B88-530EB4606AA6}.Release|Any CPU.Build.0 = Release|Any CPU
		{4521B989-8E4C-44A7-8FFB-FB655825957D}.Debug|Any CPU.ActiveCfg = Debug|Any CPU
		{4521B989-8E4C-44A7-8FFB-FB655825957D}.Debug|Any CPU.Build.0 = Debug|Any CPU
		{4521B989-8E4C-44A7-8FFB-FB655825957D}.Release|Any CPU.ActiveCfg = Release|Any CPU
		{4521B989-8E4C-44A7-8FFB-FB655825957D}.Release|Any CPU.Build.0 = Release|Any CPU
		{15254E87-75E1-4361-B04E-2337DF21ED54}.Debug|Any CPU.ActiveCfg = Debug|Any CPU
		{15254E87-75E1-4361-B04E-2337DF21ED54}.Debug|Any CPU.Build.0 = Debug|Any CPU
		{15254E87-75E1-4361-B04E-2337DF21ED54}.Release|Any CPU.ActiveCfg = Release|Any CPU
		{15254E87-75E1-4361-B04E-2337DF21ED54}.Release|Any CPU.Build.0 = Release|Any CPU
		{159FD14C-A350-491A-95B7-5E11D97660AF}.Debug|Any CPU.ActiveCfg = Debug|Any CPU
		{159FD14C-A350-491A-95B7-5E11D97660AF}.Debug|Any CPU.Build.0 = Debug|Any CPU
		{159FD14C-A350-491A-95B7-5E11D97660AF}.Release|Any CPU.ActiveCfg = Release|Any CPU
		{159FD14C-A350-491A-95B7-5E11D97660AF}.Release|Any CPU.Build.0 = Release|Any CPU
	EndGlobalSection
	GlobalSection(SolutionProperties) = preSolution
		HideSolutionNode = FALSE
	EndGlobalSection
	GlobalSection(ExtensibilityGlobals) = postSolution
		SolutionGuid = {6F8E97A9-D51E-4621-911E-A05ACA6E2D3A}
	EndGlobalSection
EndGlobal
