
Microsoft Visual Studio Solution File, Format Version 12.00
# Visual Studio Version 16
VisualStudioVersion = 16.0.31321.278
MinimumVisualStudioVersion = 10.0.40219.1
Project("{9A19103F-16F7-4668-BE54-9A1E7A4F7556}") = "CountRealNumbers", "CountRealNumbers\CountRealNumbers.csproj", "{EEAEC4D0-F9CE-4EA7-A0F0-DACFB5D154B6}"
EndProject
Project("{9A19103F-16F7-4668-BE54-9A1E7A4F7556}") = "02.OddOccurrences", "02.OddOccurrences\02.OddOccurrences.csproj", "{A05AD407-C343-4141-810C-4905039EA61F}"
EndProject
Project("{9A19103F-16F7-4668-BE54-9A1E7A4F7556}") = "03.WordSynonyms", "03.WordSynonyms\03.WordSynonyms.csproj", "{2762157F-364C-458D-9564-E183E2A814EE}"
EndProject
Project("{9A19103F-16F7-4668-BE54-9A1E7A4F7556}") = "04.Largest3Numbers", "04.Largest3Numbers\04.Largest3Numbers.csproj", "{19D67551-CC51-4982-BAF0-59BF7E6E5F1A}"
EndProject
Project("{FAE04EC0-301F-11D3-BF4B-00C04F79EFBC}") = "WordFilter", "WordFilter\WordFilter.csproj", "{A1FA21FE-BE1F-48E1-A7D4-FB2581329391}"
EndProject
Global
	GlobalSection(SolutionConfigurationPlatforms) = preSolution
		Debug|Any CPU = Debug|Any CPU
		Release|Any CPU = Release|Any CPU
	EndGlobalSection
	GlobalSection(ProjectConfigurationPlatforms) = postSolution
		{EEAEC4D0-F9CE-4EA7-A0F0-DACFB5D154B6}.Debug|Any CPU.ActiveCfg = Debug|Any CPU
		{EEAEC4D0-F9CE-4EA7-A0F0-DACFB5D154B6}.Debug|Any CPU.Build.0 = Debug|Any CPU
		{EEAEC4D0-F9CE-4EA7-A0F0-DACFB5D154B6}.Release|Any CPU.ActiveCfg = Release|Any CPU
		{EEAEC4D0-F9CE-4EA7-A0F0-DACFB5D154B6}.Release|Any CPU.Build.0 = Release|Any CPU
		{A05AD407-C343-4141-810C-4905039EA61F}.Debug|Any CPU.ActiveCfg = Debug|Any CPU
		{A05AD407-C343-4141-810C-4905039EA61F}.Debug|Any CPU.Build.0 = Debug|Any CPU
		{A05AD407-C343-4141-810C-4905039EA61F}.Release|Any CPU.ActiveCfg = Release|Any CPU
		{A05AD407-C343-4141-810C-4905039EA61F}.Release|Any CPU.Build.0 = Release|Any CPU
		{2762157F-364C-458D-9564-E183E2A814EE}.Debug|Any CPU.ActiveCfg = Debug|Any CPU
		{2762157F-364C-458D-9564-E183E2A814EE}.Debug|Any CPU.Build.0 = Debug|Any CPU
		{2762157F-364C-458D-9564-E183E2A814EE}.Release|Any CPU.ActiveCfg = Release|Any CPU
		{2762157F-364C-458D-9564-E183E2A814EE}.Release|Any CPU.Build.0 = Release|Any CPU
		{19D67551-CC51-4982-BAF0-59BF7E6E5F1A}.Debug|Any CPU.ActiveCfg = Debug|Any CPU
		{19D67551-CC51-4982-BAF0-59BF7E6E5F1A}.Debug|Any CPU.Build.0 = Debug|Any CPU
		{19D67551-CC51-4982-BAF0-59BF7E6E5F1A}.Release|Any CPU.ActiveCfg = Release|Any CPU
		{19D67551-CC51-4982-BAF0-59BF7E6E5F1A}.Release|Any CPU.Build.0 = Release|Any CPU
		{A1FA21FE-BE1F-48E1-A7D4-FB2581329391}.Debug|Any CPU.ActiveCfg = Debug|Any CPU
		{A1FA21FE-BE1F-48E1-A7D4-FB2581329391}.Debug|Any CPU.Build.0 = Debug|Any CPU
		{A1FA21FE-BE1F-48E1-A7D4-FB2581329391}.Release|Any CPU.ActiveCfg = Release|Any CPU
		{A1FA21FE-BE1F-48E1-A7D4-FB2581329391}.Release|Any CPU.Build.0 = Release|Any CPU
	EndGlobalSection
	GlobalSection(SolutionProperties) = preSolution
		HideSolutionNode = FALSE
	EndGlobalSection
	GlobalSection(ExtensibilityGlobals) = postSolution
		SolutionGuid = {D51C6B1F-F727-4C61-9CDB-1FCAE219DCDE}
	EndGlobalSection
EndGlobal
