
Microsoft Visual Studio Solution File, Format Version 12.00
# Visual Studio Version 16
VisualStudioVersion = 16.0.31321.278
MinimumVisualStudioVersion = 10.0.40219.1
Project("{9A19103F-16F7-4668-BE54-9A1E7A4F7556}") = "MergingLists", "MergingLists\MergingLists.csproj", "{D49E01F8-6392-401D-A35A-16AF16F9BE07}"
EndProject
Project("{9A19103F-16F7-4668-BE54-9A1E7A4F7556}") = "ListOfProducts", "ListOfProducts\ListOfProducts.csproj", "{C0496901-1AD6-4190-9F83-AA12E4DD7418}"
EndProject
Project("{9A19103F-16F7-4668-BE54-9A1E7A4F7556}") = "RemoveNegativesAndReverse", "RemoveNegativesAndReverse\RemoveNegativesAndReverse.csproj", "{F85F3396-9C78-4B3B-B99B-A2E73A143CC3}"
EndProject
Project("{9A19103F-16F7-4668-BE54-9A1E7A4F7556}") = "ListManipulationBasic", "ListManipulationBasic\ListManipulationBasic.csproj", "{0217A2B9-2B6C-4C6A-89B4-B8523023A68F}"
EndProject
Project("{9A19103F-16F7-4668-BE54-9A1E7A4F7556}") = "ListManipulationAdvanced", "ListManipulationAdvanced\ListManipulationAdvanced.csproj", "{EACCEEAF-EDAE-4C7C-B38D-BA22B84F7C9C}"
EndProject
Project("{9A19103F-16F7-4668-BE54-9A1E7A4F7556}") = "SumEqualNumbers", "SumEqualNumbers\SumEqualNumbers.csproj", "{623CE090-CE99-42C0-A570-D05020495771}"
EndProject
Project("{FAE04EC0-301F-11D3-BF4B-00C04F79EFBC}") = "Gauss'Trick", "Gauss'Trick\Gauss'Trick.csproj", "{F12A2F36-1542-4FB5-AE17-62707EA44956}"
EndProject
Global
	GlobalSection(SolutionConfigurationPlatforms) = preSolution
		Debug|Any CPU = Debug|Any CPU
		Release|Any CPU = Release|Any CPU
	EndGlobalSection
	GlobalSection(ProjectConfigurationPlatforms) = postSolution
		{D49E01F8-6392-401D-A35A-16AF16F9BE07}.Debug|Any CPU.ActiveCfg = Debug|Any CPU
		{D49E01F8-6392-401D-A35A-16AF16F9BE07}.Debug|Any CPU.Build.0 = Debug|Any CPU
		{D49E01F8-6392-401D-A35A-16AF16F9BE07}.Release|Any CPU.ActiveCfg = Release|Any CPU
		{D49E01F8-6392-401D-A35A-16AF16F9BE07}.Release|Any CPU.Build.0 = Release|Any CPU
		{C0496901-1AD6-4190-9F83-AA12E4DD7418}.Debug|Any CPU.ActiveCfg = Debug|Any CPU
		{C0496901-1AD6-4190-9F83-AA12E4DD7418}.Debug|Any CPU.Build.0 = Debug|Any CPU
		{C0496901-1AD6-4190-9F83-AA12E4DD7418}.Release|Any CPU.ActiveCfg = Release|Any CPU
		{C0496901-1AD6-4190-9F83-AA12E4DD7418}.Release|Any CPU.Build.0 = Release|Any CPU
		{F85F3396-9C78-4B3B-B99B-A2E73A143CC3}.Debug|Any CPU.ActiveCfg = Debug|Any CPU
		{F85F3396-9C78-4B3B-B99B-A2E73A143CC3}.Debug|Any CPU.Build.0 = Debug|Any CPU
		{F85F3396-9C78-4B3B-B99B-A2E73A143CC3}.Release|Any CPU.ActiveCfg = Release|Any CPU
		{F85F3396-9C78-4B3B-B99B-A2E73A143CC3}.Release|Any CPU.Build.0 = Release|Any CPU
		{0217A2B9-2B6C-4C6A-89B4-B8523023A68F}.Debug|Any CPU.ActiveCfg = Debug|Any CPU
		{0217A2B9-2B6C-4C6A-89B4-B8523023A68F}.Debug|Any CPU.Build.0 = Debug|Any CPU
		{0217A2B9-2B6C-4C6A-89B4-B8523023A68F}.Release|Any CPU.ActiveCfg = Release|Any CPU
		{0217A2B9-2B6C-4C6A-89B4-B8523023A68F}.Release|Any CPU.Build.0 = Release|Any CPU
		{EACCEEAF-EDAE-4C7C-B38D-BA22B84F7C9C}.Debug|Any CPU.ActiveCfg = Debug|Any CPU
		{EACCEEAF-EDAE-4C7C-B38D-BA22B84F7C9C}.Debug|Any CPU.Build.0 = Debug|Any CPU
		{EACCEEAF-EDAE-4C7C-B38D-BA22B84F7C9C}.Release|Any CPU.ActiveCfg = Release|Any CPU
		{EACCEEAF-EDAE-4C7C-B38D-BA22B84F7C9C}.Release|Any CPU.Build.0 = Release|Any CPU
		{623CE090-CE99-42C0-A570-D05020495771}.Debug|Any CPU.ActiveCfg = Debug|Any CPU
		{623CE090-CE99-42C0-A570-D05020495771}.Debug|Any CPU.Build.0 = Debug|Any CPU
		{623CE090-CE99-42C0-A570-D05020495771}.Release|Any CPU.ActiveCfg = Release|Any CPU
		{623CE090-CE99-42C0-A570-D05020495771}.Release|Any CPU.Build.0 = Release|Any CPU
		{F12A2F36-1542-4FB5-AE17-62707EA44956}.Debug|Any CPU.ActiveCfg = Debug|Any CPU
		{F12A2F36-1542-4FB5-AE17-62707EA44956}.Debug|Any CPU.Build.0 = Debug|Any CPU
		{F12A2F36-1542-4FB5-AE17-62707EA44956}.Release|Any CPU.ActiveCfg = Release|Any CPU
		{F12A2F36-1542-4FB5-AE17-62707EA44956}.Release|Any CPU.Build.0 = Release|Any CPU
	EndGlobalSection
	GlobalSection(SolutionProperties) = preSolution
		HideSolutionNode = FALSE
	EndGlobalSection
	GlobalSection(ExtensibilityGlobals) = postSolution
		SolutionGuid = {FD7B7C43-59CE-4D40-8D43-F9C7D67F6CCD}
	EndGlobalSection
EndGlobal
