
Microsoft Visual Studio Solution File, Format Version 12.00
# Visual Studio Version 16
VisualStudioVersion = 16.0.31911.196
MinimumVisualStudioVersion = 10.0.40219.1
Project("{FAE04EC0-301F-11D3-BF4B-00C04F79EFBC}") = "Furniture", "Furniture\Furniture.csproj", "{5ADE5E0F-B179-49F4-9192-BE479D092647}"
EndProject
Project("{FAE04EC0-301F-11D3-BF4B-00C04F79EFBC}") = "Race", "Race\Race.csproj", "{9A739B49-1CCF-4974-ADBA-970729CCC438}"
EndProject
Project("{FAE04EC0-301F-11D3-BF4B-00C04F79EFBC}") = "SoftUniBarIncome", "SoftUniBarIncome\SoftUniBarIncome.csproj", "{BCA5805F-5EDA-4E43-939F-F0E5A4476928}"
EndProject
Project("{FAE04EC0-301F-11D3-BF4B-00C04F79EFBC}") = "StarEnigma", "StarEnigma\StarEnigma.csproj", "{4A902ABF-178A-4D39-8C36-013DDF1F4019}"
EndProject
Project("{FAE04EC0-301F-11D3-BF4B-00C04F79EFBC}") = "NetherRealms", "NetherRealms\NetherRealms.csproj", "{D40B145C-08F9-4E83-A0C8-A195F008FE50}"
EndProject
Global
	GlobalSection(SolutionConfigurationPlatforms) = preSolution
		Debug|Any CPU = Debug|Any CPU
		Release|Any CPU = Release|Any CPU
	EndGlobalSection
	GlobalSection(ProjectConfigurationPlatforms) = postSolution
		{5ADE5E0F-B179-49F4-9192-BE479D092647}.Debug|Any CPU.ActiveCfg = Debug|Any CPU
		{5ADE5E0F-B179-49F4-9192-BE479D092647}.Debug|Any CPU.Build.0 = Debug|Any CPU
		{5ADE5E0F-B179-49F4-9192-BE479D092647}.Release|Any CPU.ActiveCfg = Release|Any CPU
		{5ADE5E0F-B179-49F4-9192-BE479D092647}.Release|Any CPU.Build.0 = Release|Any CPU
		{9A739B49-1CCF-4974-ADBA-970729CCC438}.Debug|Any CPU.ActiveCfg = Debug|Any CPU
		{9A739B49-1CCF-4974-ADBA-970729CCC438}.Debug|Any CPU.Build.0 = Debug|Any CPU
		{9A739B49-1CCF-4974-ADBA-970729CCC438}.Release|Any CPU.ActiveCfg = Release|Any CPU
		{9A739B49-1CCF-4974-ADBA-970729CCC438}.Release|Any CPU.Build.0 = Release|Any CPU
		{BCA5805F-5EDA-4E43-939F-F0E5A4476928}.Debug|Any CPU.ActiveCfg = Debug|Any CPU
		{BCA5805F-5EDA-4E43-939F-F0E5A4476928}.Debug|Any CPU.Build.0 = Debug|Any CPU
		{BCA5805F-5EDA-4E43-939F-F0E5A4476928}.Release|Any CPU.ActiveCfg = Release|Any CPU
		{BCA5805F-5EDA-4E43-939F-F0E5A4476928}.Release|Any CPU.Build.0 = Release|Any CPU
		{4A902ABF-178A-4D39-8C36-013DDF1F4019}.Debug|Any CPU.ActiveCfg = Debug|Any CPU
		{4A902ABF-178A-4D39-8C36-013DDF1F4019}.Debug|Any CPU.Build.0 = Debug|Any CPU
		{4A902ABF-178A-4D39-8C36-013DDF1F4019}.Release|Any CPU.ActiveCfg = Release|Any CPU
		{4A902ABF-178A-4D39-8C36-013DDF1F4019}.Release|Any CPU.Build.0 = Release|Any CPU
		{D40B145C-08F9-4E83-A0C8-A195F008FE50}.Debug|Any CPU.ActiveCfg = Debug|Any CPU
		{D40B145C-08F9-4E83-A0C8-A195F008FE50}.Debug|Any CPU.Build.0 = Debug|Any CPU
		{D40B145C-08F9-4E83-A0C8-A195F008FE50}.Release|Any CPU.ActiveCfg = Release|Any CPU
		{D40B145C-08F9-4E83-A0C8-A195F008FE50}.Release|Any CPU.Build.0 = Release|Any CPU
	EndGlobalSection
	GlobalSection(SolutionProperties) = preSolution
		HideSolutionNode = FALSE
	EndGlobalSection
	GlobalSection(ExtensibilityGlobals) = postSolution
		SolutionGuid = {3952F5BB-051D-4FD9-9CC3-D8F31924506D}
	EndGlobalSection
EndGlobal
